
Microsoft Visual Studio Solution File, Format Version 12.00
# Visual Studio Version 17
VisualStudioVersion = 17.4.33122.133
MinimumVisualStudioVersion = 10.0.40219.1
Project("{FAE04EC0-301F-11D3-BF4B-00C04F79EFBC}") = "Hiring_Projet", "Hiring_Projet\Hiring_Projet.csproj", "{FCEB0C97-AF08-4122-B924-11969ED3D599}"
EndProject
Global
	GlobalSection(SolutionConfigurationPlatforms) = preSolution
		Debug|Any CPU = Debug|Any CPU
		Release|Any CPU = Release|Any CPU
	EndGlobalSection
	GlobalSection(ProjectConfigurationPlatforms) = postSolution
		{FCEB0C97-AF08-4122-B924-11969ED3D599}.Debug|Any CPU.ActiveCfg = Debug|Any CPU
		{FCEB0C97-AF08-4122-B924-11969ED3D599}.Debug|Any CPU.Build.0 = Debug|Any CPU
		{FCEB0C97-AF08-4122-B924-11969ED3D599}.Release|Any CPU.ActiveCfg = Release|Any CPU
		{FCEB0C97-AF08-4122-B924-11969ED3D599}.Release|Any CPU.Build.0 = Release|Any CPU
	EndGlobalSection
	GlobalSection(SolutionProperties) = preSolution
		HideSolutionNode = FALSE
	EndGlobalSection
	GlobalSection(ExtensibilityGlobals) = postSolution
		SolutionGuid = {C83E7C4D-F61B-4893-BD62-9B7AA079107C}
	EndGlobalSection
EndGlobal
